
Microsoft Visual Studio Solution File, Format Version 12.00
# Visual Studio Version 16
VisualStudioVersion = 16.0.30523.141
MinimumVisualStudioVersion = 10.0.40219.1
Project("{FAE04EC0-301F-11D3-BF4B-00C04F79EFBC}") = "SinalSoma", "SinalSoma\SinalSoma.csproj", "{FEE20E88-F7DD-41AF-95E5-45CA510E9A65}"
EndProject
Global
	GlobalSection(SolutionConfigurationPlatforms) = preSolution
		Debug|Any CPU = Debug|Any CPU
		Release|Any CPU = Release|Any CPU
	EndGlobalSection
	GlobalSection(ProjectConfigurationPlatforms) = postSolution
		{FEE20E88-F7DD-41AF-95E5-45CA510E9A65}.Debug|Any CPU.ActiveCfg = Debug|Any CPU
		{FEE20E88-F7DD-41AF-95E5-45CA510E9A65}.Debug|Any CPU.Build.0 = Debug|Any CPU
		{FEE20E88-F7DD-41AF-95E5-45CA510E9A65}.Release|Any CPU.ActiveCfg = Release|Any CPU
		{FEE20E88-F7DD-41AF-95E5-45CA510E9A65}.Release|Any CPU.Build.0 = Release|Any CPU
	EndGlobalSection
	GlobalSection(SolutionProperties) = preSolution
		HideSolutionNode = FALSE
	EndGlobalSection
	GlobalSection(ExtensibilityGlobals) = postSolution
		SolutionGuid = {7D541946-3CD4-446C-82EA-5116D0E6DD13}
	EndGlobalSection
EndGlobal
