
Microsoft Visual Studio Solution File, Format Version 12.00
# Visual Studio Version 16
VisualStudioVersion = 16.0.30523.141
MinimumVisualStudioVersion = 10.0.40219.1
Project("{FAE04EC0-301F-11D3-BF4B-00C04F79EFBC}") = "LucroEspetaculo", "LucroEspetaculo\LucroEspetaculo.csproj", "{ED36D8EC-5E79-456A-B6A1-E4269472DE24}"
EndProject
Global
	GlobalSection(SolutionConfigurationPlatforms) = preSolution
		Debug|Any CPU = Debug|Any CPU
		Release|Any CPU = Release|Any CPU
	EndGlobalSection
	GlobalSection(ProjectConfigurationPlatforms) = postSolution
		{ED36D8EC-5E79-456A-B6A1-E4269472DE24}.Debug|Any CPU.ActiveCfg = Debug|Any CPU
		{ED36D8EC-5E79-456A-B6A1-E4269472DE24}.Debug|Any CPU.Build.0 = Debug|Any CPU
		{ED36D8EC-5E79-456A-B6A1-E4269472DE24}.Release|Any CPU.ActiveCfg = Release|Any CPU
		{ED36D8EC-5E79-456A-B6A1-E4269472DE24}.Release|Any CPU.Build.0 = Release|Any CPU
	EndGlobalSection
	GlobalSection(SolutionProperties) = preSolution
		HideSolutionNode = FALSE
	EndGlobalSection
	GlobalSection(ExtensibilityGlobals) = postSolution
		SolutionGuid = {FAA0C7E9-0523-4623-B9E7-866C8280F7EF}
	EndGlobalSection
EndGlobal
