
Microsoft Visual Studio Solution File, Format Version 12.00
# Visual Studio Version 16
VisualStudioVersion = 16.0.30523.141
MinimumVisualStudioVersion = 10.0.40219.1
Project("{FAE04EC0-301F-11D3-BF4B-00C04F79EFBC}") = "TotalParesControle", "TotalParesControle\TotalParesControle.csproj", "{04A48E46-7A1B-4337-AC5B-36739767EC54}"
EndProject
Global
	GlobalSection(SolutionConfigurationPlatforms) = preSolution
		Debug|Any CPU = Debug|Any CPU
		Release|Any CPU = Release|Any CPU
	EndGlobalSection
	GlobalSection(ProjectConfigurationPlatforms) = postSolution
		{04A48E46-7A1B-4337-AC5B-36739767EC54}.Debug|Any CPU.ActiveCfg = Debug|Any CPU
		{04A48E46-7A1B-4337-AC5B-36739767EC54}.Debug|Any CPU.Build.0 = Debug|Any CPU
		{04A48E46-7A1B-4337-AC5B-36739767EC54}.Release|Any CPU.ActiveCfg = Release|Any CPU
		{04A48E46-7A1B-4337-AC5B-36739767EC54}.Release|Any CPU.Build.0 = Release|Any CPU
	EndGlobalSection
	GlobalSection(SolutionProperties) = preSolution
		HideSolutionNode = FALSE
	EndGlobalSection
	GlobalSection(ExtensibilityGlobals) = postSolution
		SolutionGuid = {7492F870-F5D6-4F2D-87B7-2D34D7BD1E00}
	EndGlobalSection
EndGlobal
