
Microsoft Visual Studio Solution File, Format Version 12.00
# Visual Studio Version 16
VisualStudioVersion = 16.0.30523.141
MinimumVisualStudioVersion = 10.0.40219.1
Project("{FAE04EC0-301F-11D3-BF4B-00C04F79EFBC}") = "IdadeAluno", "IdadeAluno\IdadeAluno.csproj", "{9AA2B37A-C481-4E0E-B7DF-BC479A80CA89}"
EndProject
Global
	GlobalSection(SolutionConfigurationPlatforms) = preSolution
		Debug|Any CPU = Debug|Any CPU
		Release|Any CPU = Release|Any CPU
	EndGlobalSection
	GlobalSection(ProjectConfigurationPlatforms) = postSolution
		{9AA2B37A-C481-4E0E-B7DF-BC479A80CA89}.Debug|Any CPU.ActiveCfg = Debug|Any CPU
		{9AA2B37A-C481-4E0E-B7DF-BC479A80CA89}.Debug|Any CPU.Build.0 = Debug|Any CPU
		{9AA2B37A-C481-4E0E-B7DF-BC479A80CA89}.Release|Any CPU.ActiveCfg = Release|Any CPU
		{9AA2B37A-C481-4E0E-B7DF-BC479A80CA89}.Release|Any CPU.Build.0 = Release|Any CPU
	EndGlobalSection
	GlobalSection(SolutionProperties) = preSolution
		HideSolutionNode = FALSE
	EndGlobalSection
	GlobalSection(ExtensibilityGlobals) = postSolution
		SolutionGuid = {BCD59088-9E7C-4748-B0A9-BA88588CB70F}
	EndGlobalSection
EndGlobal
