
Microsoft Visual Studio Solution File, Format Version 12.00
# Visual Studio Version 16
VisualStudioVersion = 16.0.30523.141
MinimumVisualStudioVersion = 10.0.40219.1
Project("{FAE04EC0-301F-11D3-BF4B-00C04F79EFBC}") = "ETriangulo", "ETriangulo\ETriangulo.csproj", "{9CE65956-F9CE-4FC4-914C-68840A4D3181}"
EndProject
Global
	GlobalSection(SolutionConfigurationPlatforms) = preSolution
		Debug|Any CPU = Debug|Any CPU
		Release|Any CPU = Release|Any CPU
	EndGlobalSection
	GlobalSection(ProjectConfigurationPlatforms) = postSolution
		{9CE65956-F9CE-4FC4-914C-68840A4D3181}.Debug|Any CPU.ActiveCfg = Debug|Any CPU
		{9CE65956-F9CE-4FC4-914C-68840A4D3181}.Debug|Any CPU.Build.0 = Debug|Any CPU
		{9CE65956-F9CE-4FC4-914C-68840A4D3181}.Release|Any CPU.ActiveCfg = Release|Any CPU
		{9CE65956-F9CE-4FC4-914C-68840A4D3181}.Release|Any CPU.Build.0 = Release|Any CPU
	EndGlobalSection
	GlobalSection(SolutionProperties) = preSolution
		HideSolutionNode = FALSE
	EndGlobalSection
	GlobalSection(ExtensibilityGlobals) = postSolution
		SolutionGuid = {FC15E4CA-6239-4F85-A0D1-CB93F5AF76C4}
	EndGlobalSection
EndGlobal
